
Microsoft Visual Studio Solution File, Format Version 12.00
# Visual Studio Version 16
VisualStudioVersion = 16.0.29503.13
MinimumVisualStudioVersion = 10.0.40219.1
Project("{FAE04EC0-301F-11D3-BF4B-00C04F79EFBC}") = "SegurosTestGAPAPI", "SegurosTestGAPAPI\SegurosTestGAPAPI.csproj", "{6D66FF94-9E13-4E13-8C65-13B0A5929D31}"
EndProject
Project("{2150E333-8FDC-42A3-9474-1A3956D46DE8}") = "Test", "Test", "{F32D933D-5CAB-4BA8-AD9C-976BFE2E863F}"
EndProject
Project("{2150E333-8FDC-42A3-9474-1A3956D46DE8}") = "src", "src", "{B168AC66-1772-4F37-89D5-86AC272CD207}"
EndProject
Project("{2150E333-8FDC-42A3-9474-1A3956D46DE8}") = "Core", "Core", "{93E0C421-2A4C-4C34-A055-E39A76D63D1E}"
EndProject
Project("{2150E333-8FDC-42A3-9474-1A3956D46DE8}") = "Infraestructura", "Infraestructura", "{0FF8CDC5-44A3-44E2-AD85-8C20719C4CB8}"
EndProject
Project("{2150E333-8FDC-42A3-9474-1A3956D46DE8}") = "Presentacion", "Presentacion", "{8E831B07-914C-405E-8582-798D81E7E3DC}"
EndProject
Project("{2150E333-8FDC-42A3-9474-1A3956D46DE8}") = "PruebasUnitarias", "PruebasUnitarias", "{4BD0156F-AB6D-4BD8-A2CE-108373C89948}"
EndProject
Project("{FAE04EC0-301F-11D3-BF4B-00C04F79EFBC}") = "SegurosTestGAP.Dominio", "SegurosTestGAP.Dominio\SegurosTestGAP.Dominio.csproj", "{CCE57295-9F74-42D3-B313-15B0A00725A0}"
EndProject
Project("{FAE04EC0-301F-11D3-BF4B-00C04F79EFBC}") = "SegurosTestGAP.Aplicacion", "SegurosTestGAP.Aplicacion\SegurosTestGAP.Aplicacion.csproj", "{2BDCFFB4-6169-49AF-9789-938084E13856}"
EndProject
Project("{FAE04EC0-301F-11D3-BF4B-00C04F79EFBC}") = "SegurosTestGAP.Persistencia", "SegurosTestGAP.Persistencia\SegurosTestGAP.Persistencia.csproj", "{F0F8C8C6-6488-495A-BC10-C34B3C9AB114}"
EndProject
Project("{FAE04EC0-301F-11D3-BF4B-00C04F79EFBC}") = "SegurosTestGAP.Aplicacion.Pruebas", "SegurosTestGAP.Aplicacion.Pruebas\SegurosTestGAP.Aplicacion.Pruebas.csproj", "{81C94070-7396-4A47-874A-F3CB60C359A7}"
EndProject
Global
	GlobalSection(SolutionConfigurationPlatforms) = preSolution
		Debug|Any CPU = Debug|Any CPU
		Release|Any CPU = Release|Any CPU
	EndGlobalSection
	GlobalSection(ProjectConfigurationPlatforms) = postSolution
		{6D66FF94-9E13-4E13-8C65-13B0A5929D31}.Debug|Any CPU.ActiveCfg = Debug|Any CPU
		{6D66FF94-9E13-4E13-8C65-13B0A5929D31}.Debug|Any CPU.Build.0 = Debug|Any CPU
		{6D66FF94-9E13-4E13-8C65-13B0A5929D31}.Release|Any CPU.ActiveCfg = Release|Any CPU
		{6D66FF94-9E13-4E13-8C65-13B0A5929D31}.Release|Any CPU.Build.0 = Release|Any CPU
		{CCE57295-9F74-42D3-B313-15B0A00725A0}.Debug|Any CPU.ActiveCfg = Debug|Any CPU
		{CCE57295-9F74-42D3-B313-15B0A00725A0}.Debug|Any CPU.Build.0 = Debug|Any CPU
		{CCE57295-9F74-42D3-B313-15B0A00725A0}.Release|Any CPU.ActiveCfg = Release|Any CPU
		{CCE57295-9F74-42D3-B313-15B0A00725A0}.Release|Any CPU.Build.0 = Release|Any CPU
		{2BDCFFB4-6169-49AF-9789-938084E13856}.Debug|Any CPU.ActiveCfg = Debug|Any CPU
		{2BDCFFB4-6169-49AF-9789-938084E13856}.Debug|Any CPU.Build.0 = Debug|Any CPU
		{2BDCFFB4-6169-49AF-9789-938084E13856}.Release|Any CPU.ActiveCfg = Release|Any CPU
		{2BDCFFB4-6169-49AF-9789-938084E13856}.Release|Any CPU.Build.0 = Release|Any CPU
		{F0F8C8C6-6488-495A-BC10-C34B3C9AB114}.Debug|Any CPU.ActiveCfg = Debug|Any CPU
		{F0F8C8C6-6488-495A-BC10-C34B3C9AB114}.Debug|Any CPU.Build.0 = Debug|Any CPU
		{F0F8C8C6-6488-495A-BC10-C34B3C9AB114}.Release|Any CPU.ActiveCfg = Release|Any CPU
		{F0F8C8C6-6488-495A-BC10-C34B3C9AB114}.Release|Any CPU.Build.0 = Release|Any CPU
		{81C94070-7396-4A47-874A-F3CB60C359A7}.Debug|Any CPU.ActiveCfg = Debug|Any CPU
		{81C94070-7396-4A47-874A-F3CB60C359A7}.Debug|Any CPU.Build.0 = Debug|Any CPU
		{81C94070-7396-4A47-874A-F3CB60C359A7}.Release|Any CPU.ActiveCfg = Release|Any CPU
		{81C94070-7396-4A47-874A-F3CB60C359A7}.Release|Any CPU.Build.0 = Release|Any CPU
	EndGlobalSection
	GlobalSection(SolutionProperties) = preSolution
		HideSolutionNode = FALSE
	EndGlobalSection
	GlobalSection(NestedProjects) = preSolution
		{6D66FF94-9E13-4E13-8C65-13B0A5929D31} = {8E831B07-914C-405E-8582-798D81E7E3DC}
		{93E0C421-2A4C-4C34-A055-E39A76D63D1E} = {B168AC66-1772-4F37-89D5-86AC272CD207}
		{0FF8CDC5-44A3-44E2-AD85-8C20719C4CB8} = {B168AC66-1772-4F37-89D5-86AC272CD207}
		{8E831B07-914C-405E-8582-798D81E7E3DC} = {B168AC66-1772-4F37-89D5-86AC272CD207}
		{4BD0156F-AB6D-4BD8-A2CE-108373C89948} = {F32D933D-5CAB-4BA8-AD9C-976BFE2E863F}
		{CCE57295-9F74-42D3-B313-15B0A00725A0} = {93E0C421-2A4C-4C34-A055-E39A76D63D1E}
		{2BDCFFB4-6169-49AF-9789-938084E13856} = {93E0C421-2A4C-4C34-A055-E39A76D63D1E}
		{F0F8C8C6-6488-495A-BC10-C34B3C9AB114} = {0FF8CDC5-44A3-44E2-AD85-8C20719C4CB8}
		{81C94070-7396-4A47-874A-F3CB60C359A7} = {4BD0156F-AB6D-4BD8-A2CE-108373C89948}
	EndGlobalSection
	GlobalSection(ExtensibilityGlobals) = postSolution
		SolutionGuid = {5AFED64D-CD3D-42FC-8527-D30A8E596751}
	EndGlobalSection
EndGlobal
